// !$*UTF8*$!
{
	archiveVersion = 1;
	classes = {
	};
	objectVersion = 55;
	objects = {

/* Begin PBXBuildFile section */
		84DE10CE27DB72AD009DF056 /* AppDelegate.swift in Sources */ = {isa = PBXBuildFile; fileRef = 84DE10CD27DB72AD009DF056 /* AppDelegate.swift */; };
		84DE10D027DB72AD009DF056 /* SceneDelegate.swift in Sources */ = {isa = PBXBuildFile; fileRef = 84DE10CF27DB72AD009DF056 /* SceneDelegate.swift */; };
		84DE10D227DB72AD009DF056 /* ViewController.swift in Sources */ = {isa = PBXBuildFile; fileRef = 84DE10D127DB72AD009DF056 /* ViewController.swift */; };
		84DE10D527DB72AD009DF056 /* Main.storyboard in Resources */ = {isa = PBXBuildFile; fileRef = 84DE10D327DB72AD009DF056 /* Main.storyboard */; };
		84DE10D727DB72AE009DF056 /* Assets.xcassets in Resources */ = {isa = PBXBuildFile; fileRef = 84DE10D627DB72AE009DF056 /* Assets.xcassets */; };
		84DE10DA27DB72AE009DF056 /* LaunchScreen.storyboard in Resources */ = {isa = PBXBuildFile; fileRef = 84DE10D827DB72AE009DF056 /* LaunchScreen.storyboard */; };
		84DE10E527DB72AE009DF056 /* CollectionTable1_0Tests.swift in Sources */ = {isa = PBXBuildFile; fileRef = 84DE10E427DB72AE009DF056 /* CollectionTable1_0Tests.swift */; };
		84DE10EF27DB72AE009DF056 /* CollectionTable1_0UITests.swift in Sources */ = {isa = PBXBuildFile; fileRef = 84DE10EE27DB72AE009DF056 /* CollectionTable1_0UITests.swift */; };
		84DE10F127DB72AE009DF056 /* CollectionTable1_0UITestsLaunchTests.swift in Sources */ = {isa = PBXBuildFile; fileRef = 84DE10F027DB72AE009DF056 /* CollectionTable1_0UITestsLaunchTests.swift */; };
		84DE10FE27DB72DD009DF056 /* Model.swift in Sources */ = {isa = PBXBuildFile; fileRef = 84DE10FD27DB72DD009DF056 /* Model.swift */; };
		84DE110127DB73CE009DF056 /* TableViewCell.swift in Sources */ = {isa = PBXBuildFile; fileRef = 84DE10FF27DB73CE009DF056 /* TableViewCell.swift */; };
		84DE110227DB73CE009DF056 /* TableViewCell.xib in Resources */ = {isa = PBXBuildFile; fileRef = 84DE110027DB73CE009DF056 /* TableViewCell.xib */; };
		84DE110527DB77F0009DF056 /* CollectionViewCell.swift in Sources */ = {isa = PBXBuildFile; fileRef = 84DE110327DB77F0009DF056 /* CollectionViewCell.swift */; };
		84DE110627DB77F0009DF056 /* CollectionViewCell.xib in Resources */ = {isa = PBXBuildFile; fileRef = 84DE110427DB77F0009DF056 /* CollectionViewCell.xib */; };
		84DE110827DB7F1F009DF056 /* TableViewCellModel.swift in Sources */ = {isa = PBXBuildFile; fileRef = 84DE110727DB7F1F009DF056 /* TableViewCellModel.swift */; };
		84DE110A27DB7F4D009DF056 /* CollectionViewCellModel.swift in Sources */ = {isa = PBXBuildFile; fileRef = 84DE110927DB7F4D009DF056 /* CollectionViewCellModel.swift */; };
		84DE119127DBE3B7009DF056 /* DisplayViewController.swift in Sources */ = {isa = PBXBuildFile; fileRef = 84DE119027DBE3B7009DF056 /* DisplayViewController.swift */; };
/* End PBXBuildFile section */

/* Begin PBXContainerItemProxy section */
		84DE10E127DB72AE009DF056 /* PBXContainerItemProxy */ = {
			isa = PBXContainerItemProxy;
			containerPortal = 84DE10C227DB72AD009DF056 /* Project object */;
			proxyType = 1;
			remoteGlobalIDString = 84DE10C927DB72AD009DF056;
			remoteInfo = CollectionTable1.0;
		};
		84DE10EB27DB72AE009DF056 /* PBXContainerItemProxy */ = {
			isa = PBXContainerItemProxy;
			containerPortal = 84DE10C227DB72AD009DF056 /* Project object */;
			proxyType = 1;
			remoteGlobalIDString = 84DE10C927DB72AD009DF056;
			remoteInfo = CollectionTable1.0;
		};
/* End PBXContainerItemProxy section */

/* Begin PBXFileReference section */
		84DE10CA27DB72AD009DF056 /* CollectionTable1.0.app */ = {isa = PBXFileReference; explicitFileType = wrapper.application; includeInIndex = 0; path = CollectionTable1.0.app; sourceTree = BUILT_PRODUCTS_DIR; };
		84DE10CD27DB72AD009DF056 /* AppDelegate.swift */ = {isa = PBXFileReference; lastKnownFileType = sourcecode.swift; path = AppDelegate.swift; sourceTree = "<group>"; };
		84DE10CF27DB72AD009DF056 /* SceneDelegate.swift */ = {isa = PBXFileReference; lastKnownFileType = sourcecode.swift; path = SceneDelegate.swift; sourceTree = "<group>"; };
		84DE10D127DB72AD009DF056 /* ViewController.swift */ = {isa = PBXFileReference; lastKnownFileType = sourcecode.swift; path = ViewController.swift; sourceTree = "<group>"; };
		84DE10D427DB72AD009DF056 /* Base */ = {isa = PBXFileReference; lastKnownFileType = file.storyboard; name = Base; path = Base.lproj/Main.storyboard; sourceTree = "<group>"; };
		84DE10D627DB72AE009DF056 /* Assets.xcassets */ = {isa = PBXFileReference; lastKnownFileType = folder.assetcatalog; path = Assets.xcassets; sourceTree = "<group>"; };
		84DE10D927DB72AE009DF056 /* Base */ = {isa = PBXFileReference; lastKnownFileType = file.storyboard; name = Base; path = Base.lproj/LaunchScreen.storyboard; sourceTree = "<group>"; };
		84DE10DB27DB72AE009DF056 /* Info.plist */ = {isa = PBXFileReference; lastKnownFileType = text.plist.xml; path = Info.plist; sourceTree = "<group>"; };
		84DE10E027DB72AE009DF056 /* CollectionTable1.0Tests.xctest */ = {isa = PBXFileReference; explicitFileType = wrapper.cfbundle; includeInIndex = 0; path = CollectionTable1.0Tests.xctest; sourceTree = BUILT_PRODUCTS_DIR; };
		84DE10E427DB72AE009DF056 /* CollectionTable1_0Tests.swift */ = {isa = PBXFileReference; lastKnownFileType = sourcecode.swift; path = CollectionTable1_0Tests.swift; sourceTree = "<group>"; };
		84DE10EA27DB72AE009DF056 /* CollectionTable1.0UITests.xctest */ = {isa = PBXFileReference; explicitFileType = wrapper.cfbundle; includeInIndex = 0; path = CollectionTable1.0UITests.xctest; sourceTree = BUILT_PRODUCTS_DIR; };
		84DE10EE27DB72AE009DF056 /* CollectionTable1_0UITests.swift */ = {isa = PBXFileReference; lastKnownFileType = sourcecode.swift; path = CollectionTable1_0UITests.swift; sourceTree = "<group>"; };
		84DE10F027DB72AE009DF056 /* CollectionTable1_0UITestsLaunchTests.swift */ = {isa = PBXFileReference; lastKnownFileType = sourcecode.swift; path = CollectionTable1_0UITestsLaunchTests.swift; sourceTree = "<group>"; };
		84DE10FD27DB72DD009DF056 /* Model.swift */ = {isa = PBXFileReference; lastKnownFileType = sourcecode.swift; path = Model.swift; sourceTree = "<group>"; };
		84DE10FF27DB73CE009DF056 /* TableViewCell.swift */ = {isa = PBXFileReference; lastKnownFileType = sourcecode.swift; path = TableViewCell.swift; sourceTree = "<group>"; };
		84DE110027DB73CE009DF056 /* TableViewCell.xib */ = {isa = PBXFileReference; lastKnownFileType = file.xib; path = TableViewCell.xib; sourceTree = "<group>"; };
		84DE110327DB77F0009DF056 /* CollectionViewCell.swift */ = {isa = PBXFileReference; lastKnownFileType = sourcecode.swift; path = CollectionViewCell.swift; sourceTree = "<group>"; };
		84DE110427DB77F0009DF056 /* CollectionViewCell.xib */ = {isa = PBXFileReference; lastKnownFileType = file.xib; path = CollectionViewCell.xib; sourceTree = "<group>"; };
		84DE110727DB7F1F009DF056 /* TableViewCellModel.swift */ = {isa = PBXFileReference; lastKnownFileType = sourcecode.swift; path = TableViewCellModel.swift; sourceTree = "<group>"; };
		84DE110927DB7F4D009DF056 /* CollectionViewCellModel.swift */ = {isa = PBXFileReference; lastKnownFileType = sourcecode.swift; path = CollectionViewCellModel.swift; sourceTree = "<group>"; };
		84DE119027DBE3B7009DF056 /* DisplayViewController.swift */ = {isa = PBXFileReference; lastKnownFileType = sourcecode.swift; path = DisplayViewController.swift; sourceTree = "<group>"; };
/* End PBXFileReference section */

/* Begin PBXFrameworksBuildPhase section */
		84DE10C727DB72AD009DF056 /* Frameworks */ = {
			isa = PBXFrameworksBuildPhase;
			buildActionMask = 2147483647;
			files = (
			);
			runOnlyForDeploymentPostprocessing = 0;
		};
		84DE10DD27DB72AE009DF056 /* Frameworks */ = {
			isa = PBXFrameworksBuildPhase;
			buildActionMask = 2147483647;
			files = (
			);
			runOnlyForDeploymentPostprocessing = 0;
		};
		84DE10E727DB72AE009DF056 /* Frameworks */ = {
			isa = PBXFrameworksBuildPhase;
			buildActionMask = 2147483647;
			files = (
			);
			runOnlyForDeploymentPostprocessing = 0;
		};
/* End PBXFrameworksBuildPhase section */

/* Begin PBXGroup section */
		84DE10C127DB72AD009DF056 = {
			isa = PBXGroup;
			children = (
				84DE10CC27DB72AD009DF056 /* CollectionTable1.0 */,
				84DE10E327DB72AE009DF056 /* CollectionTable1.0Tests */,
				84DE10ED27DB72AE009DF056 /* CollectionTable1.0UITests */,
				84DE10CB27DB72AD009DF056 /* Products */,
			);
			sourceTree = "<group>";
		};
		84DE10CB27DB72AD009DF056 /* Products */ = {
			isa = PBXGroup;
			children = (
				84DE10CA27DB72AD009DF056 /* CollectionTable1.0.app */,
				84DE10E027DB72AE009DF056 /* CollectionTable1.0Tests.xctest */,
				84DE10EA27DB72AE009DF056 /* CollectionTable1.0UITests.xctest */,
			);
			name = Products;
			sourceTree = "<group>";
		};
		84DE10CC27DB72AD009DF056 /* CollectionTable1.0 */ = {
			isa = PBXGroup;
			children = (
				84DE10CD27DB72AD009DF056 /* AppDelegate.swift */,
				84DE10CF27DB72AD009DF056 /* SceneDelegate.swift */,
				84DE10FD27DB72DD009DF056 /* Model.swift */,
				84DE10D127DB72AD009DF056 /* ViewController.swift */,
				84DE10D327DB72AD009DF056 /* Main.storyboard */,
				84DE119027DBE3B7009DF056 /* DisplayViewController.swift */,
				84DE10D627DB72AE009DF056 /* Assets.xcassets */,
				84DE10D827DB72AE009DF056 /* LaunchScreen.storyboard */,
				84DE10DB27DB72AE009DF056 /* Info.plist */,
				84DE10FF27DB73CE009DF056 /* TableViewCell.swift */,
				84DE110027DB73CE009DF056 /* TableViewCell.xib */,
				84DE110327DB77F0009DF056 /* CollectionViewCell.swift */,
				84DE110427DB77F0009DF056 /* CollectionViewCell.xib */,
				84DE110727DB7F1F009DF056 /* TableViewCellModel.swift */,
				84DE110927DB7F4D009DF056 /* CollectionViewCellModel.swift */,
			);
			path = CollectionTable1.0;
			sourceTree = "<group>";
		};
		84DE10E327DB72AE009DF056 /* CollectionTable1.0Tests */ = {
			isa = PBXGroup;
			children = (
				84DE10E427DB72AE009DF056 /* CollectionTable1_0Tests.swift */,
			);
			path = CollectionTable1.0Tests;
			sourceTree = "<group>";
		};
		84DE10ED27DB72AE009DF056 /* CollectionTable1.0UITests */ = {
			isa = PBXGroup;
			children = (
				84DE10EE27DB72AE009DF056 /* CollectionTable1_0UITests.swift */,
				84DE10F027DB72AE009DF056 /* CollectionTable1_0UITestsLaunchTests.swift */,
			);
			path = CollectionTable1.0UITests;
			sourceTree = "<group>";
		};
/* End PBXGroup section */

/* Begin PBXNativeTarget section */
		84DE10C927DB72AD009DF056 /* CollectionTable1.0 */ = {
			isa = PBXNativeTarget;
			buildConfigurationList = 84DE10F427DB72AE009DF056 /* Build configuration list for PBXNativeTarget "CollectionTable1.0" */;
			buildPhases = (
				84DE10C627DB72AD009DF056 /* Sources */,
				84DE10C727DB72AD009DF056 /* Frameworks */,
				84DE10C827DB72AD009DF056 /* Resources */,
			);
			buildRules = (
			);
			dependencies = (
			);
			name = CollectionTable1.0;
			productName = CollectionTable1.0;
			productReference = 84DE10CA27DB72AD009DF056 /* CollectionTable1.0.app */;
			productType = "com.apple.product-type.application";
		};
		84DE10DF27DB72AE009DF056 /* CollectionTable1.0Tests */ = {
			isa = PBXNativeTarget;
			buildConfigurationList = 84DE10F727DB72AE009DF056 /* Build configuration list for PBXNativeTarget "CollectionTable1.0Tests" */;
			buildPhases = (
				84DE10DC27DB72AE009DF056 /* Sources */,
				84DE10DD27DB72AE009DF056 /* Frameworks */,
				84DE10DE27DB72AE009DF056 /* Resources */,
			);
			buildRules = (
			);
			dependencies = (
				84DE10E227DB72AE009DF056 /* PBXTargetDependency */,
			);
			name = CollectionTable1.0Tests;
			productName = CollectionTable1.0Tests;
			productReference = 84DE10E027DB72AE009DF056 /* CollectionTable1.0Tests.xctest */;
			productType = "com.apple.product-type.bundle.unit-test";
		};
		84DE10E927DB72AE009DF056 /* CollectionTable1.0UITests */ = {
			isa = PBXNativeTarget;
			buildConfigurationList = 84DE10FA27DB72AE009DF056 /* Build configuration list for PBXNativeTarget "CollectionTable1.0UITests" */;
			buildPhases = (
				84DE10E627DB72AE009DF056 /* Sources */,
				84DE10E727DB72AE009DF056 /* Frameworks */,
				84DE10E827DB72AE009DF056 /* Resources */,
			);
			buildRules = (
			);
			dependencies = (
				84DE10EC27DB72AE009DF056 /* PBXTargetDependency */,
			);
			name = CollectionTable1.0UITests;
			productName = CollectionTable1.0UITests;
			productReference = 84DE10EA27DB72AE009DF056 /* CollectionTable1.0UITests.xctest */;
			productType = "com.apple.product-type.bundle.ui-testing";
		};
/* End PBXNativeTarget section */

/* Begin PBXProject section */
		84DE10C227DB72AD009DF056 /* Project object */ = {
			isa = PBXProject;
			attributes = {
				BuildIndependentTargetsInParallel = 1;
				LastSwiftUpdateCheck = 1320;
				LastUpgradeCheck = 1320;
				TargetAttributes = {
					84DE10C927DB72AD009DF056 = {
						CreatedOnToolsVersion = 13.2.1;
					};
					84DE10DF27DB72AE009DF056 = {
						CreatedOnToolsVersion = 13.2.1;
						TestTargetID = 84DE10C927DB72AD009DF056;
					};
					84DE10E927DB72AE009DF056 = {
						CreatedOnToolsVersion = 13.2.1;
						TestTargetID = 84DE10C927DB72AD009DF056;
					};
				};
			};
			buildConfigurationList = 84DE10C527DB72AD009DF056 /* Build configuration list for PBXProject "CollectionTable1.0" */;
			compatibilityVersion = "Xcode 13.0";
			developmentRegion = en;
			hasScannedForEncodings = 0;
			knownRegions = (
				en,
				Base,
			);
			mainGroup = 84DE10C127DB72AD009DF056;
			productRefGroup = 84DE10CB27DB72AD009DF056 /* Products */;
			projectDirPath = "";
			projectRoot = "";
			targets = (
				84DE10C927DB72AD009DF056 /* CollectionTable1.0 */,
				84DE10DF27DB72AE009DF056 /* CollectionTable1.0Tests */,
				84DE10E927DB72AE009DF056 /* CollectionTable1.0UITests */,
			);
		};
/* End PBXProject section */

/* Begin PBXResourcesBuildPhase section */
		84DE10C827DB72AD009DF056 /* Resources */ = {
			isa = PBXResourcesBuildPhase;
			buildActionMask = 2147483647;
			files = (
				84DE10DA27DB72AE009DF056 /* LaunchScreen.storyboard in Resources */,
				84DE110227DB73CE009DF056 /* TableViewCell.xib in Resources */,
				84DE10D727DB72AE009DF056 /* Assets.xcassets in Resources */,
				84DE10D527DB72AD009DF056 /* Main.storyboard in Resources */,
				84DE110627DB77F0009DF056 /* CollectionViewCell.xib in Resources */,
			);
			runOnlyForDeploymentPostprocessing = 0;
		};
		84DE10DE27DB72AE009DF056 /* Resources */ = {
			isa = PBXResourcesBuildPhase;
			buildActionMask = 2147483647;
			files = (
			);
			runOnlyForDeploymentPostprocessing = 0;
		};
		84DE10E827DB72AE009DF056 /* Resources */ = {
			isa = PBXResourcesBuildPhase;
			buildActionMask = 2147483647;
			files = (
			);
			runOnlyForDeploymentPostprocessing = 0;
		};
/* End PBXResourcesBuildPhase section */

/* Begin PBXSourcesBuildPhase section */
		84DE10C627DB72AD009DF056 /* Sources */ = {
			isa = PBXSourcesBuildPhase;
			buildActionMask = 2147483647;
			files = (
				84DE110A27DB7F4D009DF056 /* CollectionViewCellModel.swift in Sources */,
				84DE110127DB73CE009DF056 /* TableViewCell.swift in Sources */,
				84DE10D227DB72AD009DF056 /* ViewController.swift in Sources */,
				84DE110527DB77F0009DF056 /* CollectionViewCell.swift in Sources */,
				84DE10FE27DB72DD009DF056 /* Model.swift in Sources */,
				84DE10CE27DB72AD009DF056 /* AppDelegate.swift in Sources */,
				84DE110827DB7F1F009DF056 /* TableViewCellModel.swift in Sources */,
				84DE119127DBE3B7009DF056 /* DisplayViewController.swift in Sources */,
				84DE10D027DB72AD009DF056 /* SceneDelegate.swift in Sources */,
			);
			runOnlyForDeploymentPostprocessing = 0;
		};
		84DE10DC27DB72AE009DF056 /* Sources */ = {
			isa = PBXSourcesBuildPhase;
			buildActionMask = 2147483647;
			files = (
				84DE10E527DB72AE009DF056 /* CollectionTable1_0Tests.swift in Sources */,
			);
			runOnlyForDeploymentPostprocessing = 0;
		};
		84DE10E627DB72AE009DF056 /* Sources */ = {
			isa = PBXSourcesBuildPhase;
			buildActionMask = 2147483647;
			files = (
				84DE10F127DB72AE009DF056 /* CollectionTable1_0UITestsLaunchTests.swift in Sources */,
				84DE10EF27DB72AE009DF056 /* CollectionTable1_0UITests.swift in Sources */,
			);
			runOnlyForDeploymentPostprocessing = 0;
		};
/* End PBXSourcesBuildPhase section */

/* Begin PBXTargetDependency section */
		84DE10E227DB72AE009DF056 /* PBXTargetDependency */ = {
			isa = PBXTargetDependency;
			target = 84DE10C927DB72AD009DF056 /* CollectionTable1.0 */;
			targetProxy = 84DE10E127DB72AE009DF056 /* PBXContainerItemProxy */;
		};
		84DE10EC27DB72AE009DF056 /* PBXTargetDependency */ = {
			isa = PBXTargetDependency;
			target = 84DE10C927DB72AD009DF056 /* CollectionTable1.0 */;
			targetProxy = 84DE10EB27DB72AE009DF056 /* PBXContainerItemProxy */;
		};
/* End PBXTargetDependency section */

/* Begin PBXVariantGroup section */
		84DE10D327DB72AD009DF056 /* Main.storyboard */ = {
			isa = PBXVariantGroup;
			children = (
				84DE10D427DB72AD009DF056 /* Base */,
			);
			name = Main.storyboard;
			sourceTree = "<group>";
		};
		84DE10D827DB72AE009DF056 /* LaunchScreen.storyboard */ = {
			isa = PBXVariantGroup;
			children = (
				84DE10D927DB72AE009DF056 /* Base */,
			);
			name = LaunchScreen.storyboard;
			sourceTree = "<group>";
		};
/* End PBXVariantGroup section */

/* Begin XCBuildConfiguration section */
		84DE10F227DB72AE009DF056 /* Debug */ = {
			isa = XCBuildConfiguration;
			buildSettings = {
				ALWAYS_SEARCH_USER_PATHS = NO;
				CLANG_ANALYZER_NONNULL = YES;
				CLANG_ANALYZER_NUMBER_OBJECT_CONVERSION = YES_AGGRESSIVE;
				CLANG_CXX_LANGUAGE_STANDARD = "gnu++17";
				CLANG_CXX_LIBRARY = "libc++";
				CLANG_ENABLE_MODULES = YES;
				CLANG_ENABLE_OBJC_ARC = YES;
				CLANG_ENABLE_OBJC_WEAK = YES;
				CLANG_WARN_BLOCK_CAPTURE_AUTORELEASING = YES;
				CLANG_WARN_BOOL_CONVERSION = YES;
				CLANG_WARN_COMMA = YES;
				CLANG_WARN_CONSTANT_CONVERSION = YES;
				CLANG_WARN_DEPRECATED_OBJC_IMPLEMENTATIONS = YES;
				CLANG_WARN_DIRECT_OBJC_ISA_USAGE = YES_ERROR;
				CLANG_WARN_DOCUMENTATION_COMMENTS = YES;
				CLANG_WARN_EMPTY_BODY = YES;
				CLANG_WARN_ENUM_CONVERSION = YES;
				CLANG_WARN_INFINITE_RECURSION = YES;
				CLANG_WARN_INT_CONVERSION = YES;
				CLANG_WARN_NON_LITERAL_NULL_CONVERSION = YES;
				CLANG_WARN_OBJC_IMPLICIT_RETAIN_SELF = YES;
				CLANG_WARN_OBJC_LITERAL_CONVERSION = YES;
				CLANG_WARN_OBJC_ROOT_CLASS = YES_ERROR;
				CLANG_WARN_QUOTED_INCLUDE_IN_FRAMEWORK_HEADER = YES;
				CLANG_WARN_RANGE_LOOP_ANALYSIS = YES;
				CLANG_WARN_STRICT_PROTOTYPES = YES;
				CLANG_WARN_SUSPICIOUS_MOVE = YES;
				CLANG_WARN_UNGUARDED_AVAILABILITY = YES_AGGRESSIVE;
				CLANG_WARN_UNREACHABLE_CODE = YES;
				CLANG_WARN__DUPLICATE_METHOD_MATCH = YES;
				COPY_PHASE_STRIP = NO;
				DEBUG_INFORMATION_FORMAT = dwarf;
				ENABLE_STRICT_OBJC_MSGSEND = YES;
				ENABLE_TESTABILITY = YES;
				GCC_C_LANGUAGE_STANDARD = gnu11;
				GCC_DYNAMIC_NO_PIC = NO;
				GCC_NO_COMMON_BLOCKS = YES;
				GCC_OPTIMIZATION_LEVEL = 0;
				GCC_PREPROCESSOR_DEFINITIONS = (
					"DEBUG=1",
					"$(inherited)",
				);
				GCC_WARN_64_TO_32_BIT_CONVERSION = YES;
				GCC_WARN_ABOUT_RETURN_TYPE = YES_ERROR;
				GCC_WARN_UNDECLARED_SELECTOR = YES;
				GCC_WARN_UNINITIALIZED_AUTOS = YES_AGGRESSIVE;
				GCC_WARN_UNUSED_FUNCTION = YES;
				GCC_WARN_UNUSED_VARIABLE = YES;
				IPHONEOS_DEPLOYMENT_TARGET = 15.2;
				MTL_ENABLE_DEBUG_INFO = INCLUDE_SOURCE;
				MTL_FAST_MATH = YES;
				ONLY_ACTIVE_ARCH = YES;
				SDKROOT = iphoneos;
				SWIFT_ACTIVE_COMPILATION_CONDITIONS = DEBUG;
				SWIFT_OPTIMIZATION_LEVEL = "-Onone";
			};
			name = Debug;
		};
		84DE10F327DB72AE009DF056 /* Release */ = {
			isa = XCBuildConfiguration;
			buildSettings = {
				ALWAYS_SEARCH_USER_PATHS = NO;
				CLANG_ANALYZER_NONNULL = YES;
				CLANG_ANALYZER_NUMBER_OBJECT_CONVERSION = YES_AGGRESSIVE;
				CLANG_CXX_LANGUAGE_STANDARD = "gnu++17";
				CLANG_CXX_LIBRARY = "libc++";
				CLANG_ENABLE_MODULES = YES;
				CLANG_ENABLE_OBJC_ARC = YES;
				CLANG_ENABLE_OBJC_WEAK = YES;
				CLANG_WARN_BLOCK_CAPTURE_AUTORELEASING = YES;
				CLANG_WARN_BOOL_CONVERSION = YES;
				CLANG_WARN_COMMA = YES;
				CLANG_WARN_CONSTANT_CONVERSION = YES;
				CLANG_WARN_DEPRECATED_OBJC_IMPLEMENTATIONS = YES;
				CLANG_WARN_DIRECT_OBJC_ISA_USAGE = YES_ERROR;
				CLANG_WARN_DOCUMENTATION_COMMENTS = YES;
				CLANG_WARN_EMPTY_BODY = YES;
				CLANG_WARN_ENUM_CONVERSION = YES;
				CLANG_WARN_INFINITE_RECURSION = YES;
				CLANG_WARN_INT_CONVERSION = YES;
				CLANG_WARN_NON_LITERAL_NULL_CONVERSION = YES;
				CLANG_WARN_OBJC_IMPLICIT_RETAIN_SELF = YES;
				CLANG_WARN_OBJC_LITERAL_CONVERSION = YES;
				CLANG_WARN_OBJC_ROOT_CLASS = YES_ERROR;
				CLANG_WARN_QUOTED_INCLUDE_IN_FRAMEWORK_HEADER = YES;
				CLANG_WARN_RANGE_LOOP_ANALYSIS = YES;
				CLANG_WARN_STRICT_PROTOTYPES = YES;
				CLANG_WARN_SUSPICIOUS_MOVE = YES;
				CLANG_WARN_UNGUARDED_AVAILABILITY = YES_AGGRESSIVE;
				CLANG_WARN_UNREACHABLE_CODE = YES;
				CLANG_WARN__DUPLICATE_METHOD_MATCH = YES;
				COPY_PHASE_STRIP = NO;
				DEBUG_INFORMATION_FORMAT = "dwarf-with-dsym";
				ENABLE_NS_ASSERTIONS = NO;
				ENABLE_STRICT_OBJC_MSGSEND = YES;
				GCC_C_LANGUAGE_STANDARD = gnu11;
				GCC_NO_COMMON_BLOCKS = YES;
				GCC_WARN_64_TO_32_BIT_CONVERSION = YES;
				GCC_WARN_ABOUT_RETURN_TYPE = YES_ERROR;
				GCC_WARN_UNDECLARED_SELECTOR = YES;
				GCC_WARN_UNINITIALIZED_AUTOS = YES_AGGRESSIVE;
				GCC_WARN_UNUSED_FUNCTION = YES;
				GCC_WARN_UNUSED_VARIABLE = YES;
				IPHONEOS_DEPLOYMENT_TARGET = 15.2;
				MTL_ENABLE_DEBUG_INFO = NO;
				MTL_FAST_MATH = YES;
				SDKROOT = iphoneos;
				SWIFT_COMPILATION_MODE = wholemodule;
				SWIFT_OPTIMIZATION_LEVEL = "-O";
				VALIDATE_PRODUCT = YES;
			};
			name = Release;
		};
		84DE10F527DB72AE009DF056 /* Debug */ = {
			isa = XCBuildConfiguration;
			buildSettings = {
				ASSETCATALOG_COMPILER_APPICON_NAME = AppIcon;
				ASSETCATALOG_COMPILER_GLOBAL_ACCENT_COLOR_NAME = AccentColor;
				CODE_SIGN_STYLE = Automatic;
				CURRENT_PROJECT_VERSION = 1;
				GENERATE_INFOPLIST_FILE = YES;
				INFOPLIST_FILE = CollectionTable1.0/Info.plist;
				INFOPLIST_KEY_UIApplicationSupportsIndirectInputEvents = YES;
				INFOPLIST_KEY_UILaunchStoryboardName = LaunchScreen;
				INFOPLIST_KEY_UIMainStoryboardFile = Main;
				INFOPLIST_KEY_UISupportedInterfaceOrientations_iPad = "UIInterfaceOrientationPortrait UIInterfaceOrientationPortraitUpsideDown UIInterfaceOrientationLandscapeLeft UIInterfaceOrientationLandscapeRight";
				INFOPLIST_KEY_UISupportedInterfaceOrientations_iPhone = "UIInterfaceOrientationPortrait UIInterfaceOrientationLandscapeLeft UIInterfaceOrientationLandscapeRight";
				LD_RUNPATH_SEARCH_PATHS = (
					"$(inherited)",
					"@executable_path/Frameworks",
				);
				MARKETING_VERSION = 1.0;
				PRODUCT_BUNDLE_IDENTIFIER = "Appinventiv.CollectionTable1-0";
				PRODUCT_NAME = "$(TARGET_NAME)";
				SWIFT_EMIT_LOC_STRINGS = YES;
				SWIFT_VERSION = 5.0;
				TARGETED_DEVICE_FAMILY = "1,2";
			};
			name = Debug;
		};
		84DE10F627DB72AE009DF056 /* Release */ = {
			isa = XCBuildConfiguration;
			buildSettings = {
				ASSETCATALOG_COMPILER_APPICON_NAME = AppIcon;
				ASSETCATALOG_COMPILER_GLOBAL_ACCENT_COLOR_NAME = AccentColor;
				CODE_SIGN_STYLE = Automatic;
				CURRENT_PROJECT_VERSION = 1;
				GENERATE_INFOPLIST_FILE = YES;
				INFOPLIST_FILE = CollectionTable1.0/Info.plist;
				INFOPLIST_KEY_UIApplicationSupportsIndirectInputEvents = YES;
				INFOPLIST_KEY_UILaunchStoryboardName = LaunchScreen;
				INFOPLIST_KEY_UIMainStoryboardFile = Main;
				INFOPLIST_KEY_UISupportedInterfaceOrientations_iPad = "UIInterfaceOrientationPortrait UIInterfaceOrientationPortraitUpsideDown UIInterfaceOrientationLandscapeLeft UIInterfaceOrientationLandscapeRight";
				INFOPLIST_KEY_UISupportedInterfaceOrientations_iPhone = "UIInterfaceOrientationPortrait UIInterfaceOrientationLandscapeLeft UIInterfaceOrientationLandscapeRight";
				LD_RUNPATH_SEARCH_PATHS = (
					"$(inherited)",
					"@executable_path/Frameworks",
				);
				MARKETING_VERSION = 1.0;
				PRODUCT_BUNDLE_IDENTIFIER = "Appinventiv.CollectionTable1-0";
				PRODUCT_NAME = "$(TARGET_NAME)";
				SWIFT_EMIT_LOC_STRINGS = YES;
				SWIFT_VERSION = 5.0;
				TARGETED_DEVICE_FAMILY = "1,2";
			};
			name = Release;
		};
		84DE10F827DB72AE009DF056 /* Debug */ = {
			isa = XCBuildConfiguration;
			buildSettings = {
				ALWAYS_EMBED_SWIFT_STANDARD_LIBRARIES = YES;
				BUNDLE_LOADER = "$(TEST_HOST)";
				CODE_SIGN_STYLE = Automatic;
				CURRENT_PROJECT_VERSION = 1;
				GENERATE_INFOPLIST_FILE = YES;
				IPHONEOS_DEPLOYMENT_TARGET = 15.2;
				MARKETING_VERSION = 1.0;
				PRODUCT_BUNDLE_IDENTIFIER = "Appinventiv.CollectionTable1-0Tests";
				PRODUCT_NAME = "$(TARGET_NAME)";
				SWIFT_EMIT_LOC_STRINGS = NO;
				SWIFT_VERSION = 5.0;
				TARGETED_DEVICE_FAMILY = "1,2";
				TEST_HOST = "$(BUILT_PRODUCTS_DIR)/CollectionTable1.0.app/CollectionTable1.0";
			};
			name = Debug;
		};
		84DE10F927DB72AE009DF056 /* Release */ = {
			isa = XCBuildConfiguration;
			buildSettings = {
				ALWAYS_EMBED_SWIFT_STANDARD_LIBRARIES = YES;
				BUNDLE_LOADER = "$(TEST_HOST)";
				CODE_SIGN_STYLE = Automatic;
				CURRENT_PROJECT_VERSION = 1;
				GENERATE_INFOPLIST_FILE = YES;
				IPHONEOS_DEPLOYMENT_TARGET = 15.2;
				MARKETING_VERSION = 1.0;
				PRODUCT_BUNDLE_IDENTIFIER = "Appinventiv.CollectionTable1-0Tests";
				PRODUCT_NAME = "$(TARGET_NAME)";
				SWIFT_EMIT_LOC_STRINGS = NO;
				SWIFT_VERSION = 5.0;
				TARGETED_DEVICE_FAMILY = "1,2";
				TEST_HOST = "$(BUILT_PRODUCTS_DIR)/CollectionTable1.0.app/CollectionTable1.0";
			};
			name = Release;
		};
		84DE10FB27DB72AE009DF056 /* Debug */ = {
			isa = XCBuildConfiguration;
			buildSettings = {
				ALWAYS_EMBED_SWIFT_STANDARD_LIBRARIES = YES;
				CODE_SIGN_STYLE = Automatic;
				CURRENT_PROJECT_VERSION = 1;
				GENERATE_INFOPLIST_FILE = YES;
				MARKETING_VERSION = 1.0;
				PRODUCT_BUNDLE_IDENTIFIER = "Appinventiv.CollectionTable1-0UITests";
				PRODUCT_NAME = "$(TARGET_NAME)";
				SWIFT_EMIT_LOC_STRINGS = NO;
				SWIFT_VERSION = 5.0;
				TARGETED_DEVICE_FAMILY = "1,2";
				TEST_TARGET_NAME = CollectionTable1.0;
			};
			name = Debug;
		};
		84DE10FC27DB72AE009DF056 /* Release */ = {
			isa = XCBuildConfiguration;
			buildSettings = {
				ALWAYS_EMBED_SWIFT_STANDARD_LIBRARIES = YES;
				CODE_SIGN_STYLE = Automatic;
				CURRENT_PROJECT_VERSION = 1;
				GENERATE_INFOPLIST_FILE = YES;
				MARKETING_VERSION = 1.0;
				PRODUCT_BUNDLE_IDENTIFIER = "Appinventiv.CollectionTable1-0UITests";
				PRODUCT_NAME = "$(TARGET_NAME)";
				SWIFT_EMIT_LOC_STRINGS = NO;
				SWIFT_VERSION = 5.0;
				TARGETED_DEVICE_FAMILY = "1,2";
				TEST_TARGET_NAME = CollectionTable1.0;
			};
			name = Release;
		};
/* End XCBuildConfiguration section */

/* Begin XCConfigurationList section */
		84DE10C527DB72AD009DF056 /* Build configuration list for PBXProject "CollectionTable1.0" */ = {
			isa = XCConfigurationList;
			buildConfigurations = (
				84DE10F227DB72AE009DF056 /* Debug */,
				84DE10F327DB72AE009DF056 /* Release */,
			);
			defaultConfigurationIsVisible = 0;
			defaultConfigurationName = Release;
		};
		84DE10F427DB72AE009DF056 /* Build configuration list for PBXNativeTarget "CollectionTable1.0" */ = {
			isa = XCConfigurationList;
			buildConfigurations = (
				84DE10F527DB72AE009DF056 /* Debug */,
				84DE10F627DB72AE009DF056 /* Release */,
			);
			defaultConfigurationIsVisible = 0;
			defaultConfigurationName = Release;
		};
		84DE10F727DB72AE009DF056 /* Build configuration list for PBXNativeTarget "CollectionTable1.0Tests" */ = {
			isa = XCConfigurationList;
			buildConfigurations = (
				84DE10F827DB72AE009DF056 /* Debug */,
				84DE10F927DB72AE009DF056 /* Release */,
			);
			defaultConfigurationIsVisible = 0;
			defaultConfigurationName = Release;
		};
		84DE10FA27DB72AE009DF056 /* Build configuration list for PBXNativeTarget "CollectionTable1.0UITests" */ = {
			isa = XCConfigurationList;
			buildConfigurations = (
				84DE10FB27DB72AE009DF056 /* Debug */,
				84DE10FC27DB72AE009DF056 /* Release */,
			);
			defaultConfigurationIsVisible = 0;
			defaultConfigurationName = Release;
		};
/* End XCConfigurationList section */
	};
	rootObject = 84DE10C227DB72AD009DF056 /* Project object */;
}
